
Microsoft Visual Studio Solution File, Format Version 12.00
# Visual Studio Version 16
VisualStudioVersion = 16.0.31702.278
MinimumVisualStudioVersion = 10.0.40219.1
Project("{FAE04EC0-301F-11D3-BF4B-00C04F79EFBC}") = "CuatroEnLinea", "CuatroEnLinea\CuatroEnLinea.csproj", "{5F6ED535-D328-4499-A207-53E0B0B8067D}"
EndProject
Global
	GlobalSection(SolutionConfigurationPlatforms) = preSolution
		Debug|Any CPU = Debug|Any CPU
		Release|Any CPU = Release|Any CPU
	EndGlobalSection
	GlobalSection(ProjectConfigurationPlatforms) = postSolution
		{5F6ED535-D328-4499-A207-53E0B0B8067D}.Debug|Any CPU.ActiveCfg = Debug|Any CPU
		{5F6ED535-D328-4499-A207-53E0B0B8067D}.Debug|Any CPU.Build.0 = Debug|Any CPU
		{5F6ED535-D328-4499-A207-53E0B0B8067D}.Release|Any CPU.ActiveCfg = Release|Any CPU
		{5F6ED535-D328-4499-A207-53E0B0B8067D}.Release|Any CPU.Build.0 = Release|Any CPU
	EndGlobalSection
	GlobalSection(SolutionProperties) = preSolution
		HideSolutionNode = FALSE
	EndGlobalSection
	GlobalSection(ExtensibilityGlobals) = postSolution
		SolutionGuid = {1DC979C6-D4E8-4D50-84C6-8B3B837E95F8}
	EndGlobalSection
EndGlobal
